
Microsoft Visual Studio Solution File, Format Version 12.00
# Visual Studio 15
VisualStudioVersion = 15.0.28010.2048
MinimumVisualStudioVersion = 10.0.40219.1
Project("{FAE04EC0-301F-11D3-BF4B-00C04F79EFBC}") = "App.Android", "App\App.Android\App.Android.csproj", "{C80F36CA-724C-4CE3-BE43-D0359CAFCB28}"
EndProject
Project("{FAE04EC0-301F-11D3-BF4B-00C04F79EFBC}") = "App", "App\App\App.csproj", "{72FE12EA-6700-4D94-BCAB-650D0CC663F6}"
EndProject
Global
	GlobalSection(SolutionConfigurationPlatforms) = preSolution
		Debug|Any CPU = Debug|Any CPU
		Release|Any CPU = Release|Any CPU
	EndGlobalSection
	GlobalSection(ProjectConfigurationPlatforms) = postSolution
		{C80F36CA-724C-4CE3-BE43-D0359CAFCB28}.Debug|Any CPU.ActiveCfg = Debug|Any CPU
		{C80F36CA-724C-4CE3-BE43-D0359CAFCB28}.Debug|Any CPU.Build.0 = Debug|Any CPU
		{C80F36CA-724C-4CE3-BE43-D0359CAFCB28}.Debug|Any CPU.Deploy.0 = Debug|Any CPU
		{C80F36CA-724C-4CE3-BE43-D0359CAFCB28}.Release|Any CPU.ActiveCfg = Release|Any CPU
		{C80F36CA-724C-4CE3-BE43-D0359CAFCB28}.Release|Any CPU.Build.0 = Release|Any CPU
		{C80F36CA-724C-4CE3-BE43-D0359CAFCB28}.Release|Any CPU.Deploy.0 = Release|Any CPU
		{72FE12EA-6700-4D94-BCAB-650D0CC663F6}.Debug|Any CPU.ActiveCfg = Debug|Any CPU
		{72FE12EA-6700-4D94-BCAB-650D0CC663F6}.Debug|Any CPU.Build.0 = Debug|Any CPU
		{72FE12EA-6700-4D94-BCAB-650D0CC663F6}.Debug|Any CPU.Deploy.0 = Debug|Any CPU
		{72FE12EA-6700-4D94-BCAB-650D0CC663F6}.Release|Any CPU.ActiveCfg = Release|Any CPU
		{72FE12EA-6700-4D94-BCAB-650D0CC663F6}.Release|Any CPU.Build.0 = Release|Any CPU
		{72FE12EA-6700-4D94-BCAB-650D0CC663F6}.Release|Any CPU.Deploy.0 = Release|Any CPU
	EndGlobalSection
	GlobalSection(SolutionProperties) = preSolution
		HideSolutionNode = FALSE
	EndGlobalSection
	GlobalSection(ExtensibilityGlobals) = postSolution
		SolutionGuid = {F08536CA-06AA-4162-9FBE-F943E81F83A9}
	EndGlobalSection
EndGlobal
